
Microsoft Visual Studio Solution File, Format Version 12.00
# Visual Studio Version 17
VisualStudioVersion = 17.1.32210.238
MinimumVisualStudioVersion = 10.0.40219.1
Project("{FAE04EC0-301F-11D3-BF4B-00C04F79EFBC}") = "GestorClientesCmd", "GestorClientesCmd\GestorClientesCmd.csproj", "{0E40A68F-522C-491E-97E6-D91F08B8F094}"
EndProject
Global
	GlobalSection(SolutionConfigurationPlatforms) = preSolution
		Debug|Any CPU = Debug|Any CPU
		Release|Any CPU = Release|Any CPU
	EndGlobalSection
	GlobalSection(ProjectConfigurationPlatforms) = postSolution
		{0E40A68F-522C-491E-97E6-D91F08B8F094}.Debug|Any CPU.ActiveCfg = Debug|Any CPU
		{0E40A68F-522C-491E-97E6-D91F08B8F094}.Debug|Any CPU.Build.0 = Debug|Any CPU
		{0E40A68F-522C-491E-97E6-D91F08B8F094}.Release|Any CPU.ActiveCfg = Release|Any CPU
		{0E40A68F-522C-491E-97E6-D91F08B8F094}.Release|Any CPU.Build.0 = Release|Any CPU
	EndGlobalSection
	GlobalSection(SolutionProperties) = preSolution
		HideSolutionNode = FALSE
	EndGlobalSection
	GlobalSection(ExtensibilityGlobals) = postSolution
		SolutionGuid = {291B22C2-7075-46A6-A1A7-1CBA65BF828F}
	EndGlobalSection
EndGlobal
